
Microsoft Visual Studio Solution File, Format Version 12.00
# Visual Studio 15
VisualStudioVersion = 15.0.27130.2036
MinimumVisualStudioVersion = 10.0.40219.1
Project("{8BC9CEB8-8B4A-11D0-8D11-00A0C91BC942}") = "BlockCompression", "BlockCompression.vcxproj", "{72CF023A-C2A0-4EB9-8517-FECC9353AFAE}"
EndProject
Project("{8BC9CEB8-8B4A-11D0-8D11-00A0C91BC942}") = "RunBenchmark", "RunBenchmark\RunBenchmark.vcxproj", "{F19019F7-0659-43D8-A92C-991AE0B52526}"
	ProjectSection(ProjectDependencies) = postProject
		{72CF023A-C2A0-4EB9-8517-FECC9353AFAE} = {72CF023A-C2A0-4EB9-8517-FECC9353AFAE}
	EndProjectSection
EndProject
Global
	GlobalSection(SolutionConfigurationPlatforms) = preSolution
		Debug|x64 = Debug|x64
		Release|x64 = Release|x64
	EndGlobalSection
	GlobalSection(ProjectConfigurationPlatforms) = postSolution
		{72CF023A-C2A0-4EB9-8517-FECC9353AFAE}.Debug|x64.ActiveCfg = Debug|x64
		{72CF023A-C2A0-4EB9-8517-FECC9353AFAE}.Debug|x64.Build.0 = Debug|x64
		{72CF023A-C2A0-4EB9-8517-FECC9353AFAE}.Release|x64.ActiveCfg = Release|x64
		{72CF023A-C2A0-4EB9-8517-FECC9353AFAE}.Release|x64.Build.0 = Release|x64
		{F19019F7-0659-43D8-A92C-991AE0B52526}.Debug|x64.ActiveCfg = Debug|x64
		{F19019F7-0659-43D8-A92C-991AE0B52526}.Debug|x64.Build.0 = Debug|x64
		{F19019F7-0659-43D8-A92C-991AE0B52526}.Release|x64.ActiveCfg = Release|x64
		{F19019F7-0659-43D8-A92C-991AE0B52526}.Release|x64.Build.0 = Release|x64
	EndGlobalSection
	GlobalSection(SolutionProperties) = preSolution
		HideSolutionNode = FALSE
	EndGlobalSection
	GlobalSection(ExtensibilityGlobals) = postSolution
		SolutionGuid = {3447B5E2-80CD-438E-96CA-BA8E556BDF68}
	EndGlobalSection
EndGlobal
