<?xml version="1.0" encoding="utf-8"?>
<Project ToolsVersion="4.0" xmlns="http://schemas.microsoft.com/developer/msbuild/2003">
  <ItemGroup>
    <Filter Include="Header Files">
      <UniqueIdentifier>{93995380-89BD-4b04-88EB-625FBE52EBFB}</UniqueIdentifier>
      <Extensions>h;hh;hpp;hxx;hm;inl;inc;xsd</Extensions>
    </Filter>
    <Filter Include="Resource Files">
      <UniqueIdentifier>{67DA6AB6-F800-4c08-8B7A-83BB121AAD01}</UniqueIdentifier>
      <Extensions>rc;ico;cur;bmp;dlg;rc2;rct;bin;rgs;gif;jpg;jpeg;jpe;resx;tiff;tif;png;wav;mfcribbon-ms</Extensions>
    </Filter>
    <Filter Include="zlib-ng">
      <UniqueIdentifier>{ed994317-2b93-44a8-897e-564b57192f2d}</UniqueIdentifier>
    </Filter>
    <Filter Include="zstd">
      <UniqueIdentifier>{eb8da6f6-a187-41b0-8cda-492f03f9d7db}</UniqueIdentifier>
    </Filter>
    <Filter Include="bgzf">
      <UniqueIdentifier>{64b35fc3-f67a-412e-93be-86b636433675}</UniqueIdentifier>
    </Filter>
    <Filter Include="utilities">
      <UniqueIdentifier>{f0947f96-8490-48d6-98a6-2dc9a8de2dbe}</UniqueIdentifier>
    </Filter>
  </ItemGroup>
  <ItemGroup>
    <ClCompile Include="zlib-ng\adler32.c">
      <Filter>zlib-ng</Filter>
    </ClCompile>
    <ClCompile Include="zlib-ng\compress.c">
      <Filter>zlib-ng</Filter>
    </ClCompile>
    <ClCompile Include="zlib-ng\arch\x86\crc_folding.c">
      <Filter>zlib-ng</Filter>
    </ClCompile>
    <ClCompile Include="zlib-ng\arch\x86\crc_pclmulqdq.c">
      <Filter>zlib-ng</Filter>
    </ClCompile>
    <ClCompile Include="zlib-ng\crc32.c">
      <Filter>zlib-ng</Filter>
    </ClCompile>
    <ClCompile Include="zlib-ng\deflate.c">
      <Filter>zlib-ng</Filter>
    </ClCompile>
    <ClCompile Include="zlib-ng\arch\x86\deflate_quick.c">
      <Filter>zlib-ng</Filter>
    </ClCompile>
    <ClCompile Include="zlib-ng\arch\x86\fill_window_sse.c">
      <Filter>zlib-ng</Filter>
    </ClCompile>
    <ClCompile Include="zlib-ng\functable.c">
      <Filter>zlib-ng</Filter>
    </ClCompile>
    <ClCompile Include="zlib-ng\infback.c">
      <Filter>zlib-ng</Filter>
    </ClCompile>
    <ClCompile Include="zlib-ng\inffast.c">
      <Filter>zlib-ng</Filter>
    </ClCompile>
    <ClCompile Include="zlib-ng\inflate.c">
      <Filter>zlib-ng</Filter>
    </ClCompile>
    <ClCompile Include="zlib-ng\inftrees.c">
      <Filter>zlib-ng</Filter>
    </ClCompile>
    <ClCompile Include="zlib-ng\arch\x86\insert_string_sse.c">
      <Filter>zlib-ng</Filter>
    </ClCompile>
    <ClCompile Include="zlib-ng\match.c">
      <Filter>zlib-ng</Filter>
    </ClCompile>
    <ClCompile Include="zlib-ng\trees.c">
      <Filter>zlib-ng</Filter>
    </ClCompile>
    <ClCompile Include="zlib-ng\uncompr.c">
      <Filter>zlib-ng</Filter>
    </ClCompile>
    <ClCompile Include="zlib-ng\arch\x86\x86.c">
      <Filter>zlib-ng</Filter>
    </ClCompile>
    <ClCompile Include="zlib-ng\zutil.c">
      <Filter>zlib-ng</Filter>
    </ClCompile>
    <ClCompile Include="zlib-ng\deflate_fast.c">
      <Filter>zlib-ng</Filter>
    </ClCompile>
    <ClCompile Include="zlib-ng\deflate_medium.c">
      <Filter>zlib-ng</Filter>
    </ClCompile>
    <ClCompile Include="zlib-ng\deflate_slow.c">
      <Filter>zlib-ng</Filter>
    </ClCompile>
    <ClCompile Include="zstd\lib\common\entropy_common.c">
      <Filter>zstd</Filter>
    </ClCompile>
    <ClCompile Include="zstd\lib\common\error_private.c">
      <Filter>zstd</Filter>
    </ClCompile>
    <ClCompile Include="zstd\lib\common\fse_decompress.c">
      <Filter>zstd</Filter>
    </ClCompile>
    <ClCompile Include="zstd\lib\common\pool.c">
      <Filter>zstd</Filter>
    </ClCompile>
    <ClCompile Include="zstd\lib\common\threading.c">
      <Filter>zstd</Filter>
    </ClCompile>
    <ClCompile Include="zstd\lib\common\zstd_common.c">
      <Filter>zstd</Filter>
    </ClCompile>
    <ClCompile Include="zstd\lib\decompress\huf_decompress.c">
      <Filter>zstd</Filter>
    </ClCompile>
    <ClCompile Include="zstd\lib\decompress\zstd_decompress.c">
      <Filter>zstd</Filter>
    </ClCompile>
    <ClCompile Include="zstd\lib\compress\fse_compress.c">
      <Filter>zstd</Filter>
    </ClCompile>
    <ClCompile Include="zstd\lib\compress\huf_compress.c">
      <Filter>zstd</Filter>
    </ClCompile>
    <ClCompile Include="zstd\lib\compress\zstd_compress.c">
      <Filter>zstd</Filter>
    </ClCompile>
    <ClCompile Include="zstd\lib\compress\zstd_double_fast.c">
      <Filter>zstd</Filter>
    </ClCompile>
    <ClCompile Include="zstd\lib\compress\zstd_fast.c">
      <Filter>zstd</Filter>
    </ClCompile>
    <ClCompile Include="zstd\lib\compress\zstd_lazy.c">
      <Filter>zstd</Filter>
    </ClCompile>
    <ClCompile Include="zstd\lib\compress\zstd_ldm.c">
      <Filter>zstd</Filter>
    </ClCompile>
    <ClCompile Include="zstd\lib\compress\zstd_opt.c">
      <Filter>zstd</Filter>
    </ClCompile>
    <ClCompile Include="zstd\lib\compress\zstdmt_compress.c">
      <Filter>zstd</Filter>
    </ClCompile>
    <ClCompile Include="bgzf\bgzf.c">
      <Filter>bgzf</Filter>
    </ClCompile>
    <ClCompile Include="utilities\get_library_id.c">
      <Filter>utilities</Filter>
    </ClCompile>
    <ClCompile Include="zstd\lib\common\xxhash.c">
      <Filter>zstd</Filter>
    </ClCompile>
  </ItemGroup>
  <ItemGroup>
    <None Include="BlockCompression.def">
      <Filter>Resource Files</Filter>
    </None>
  </ItemGroup>
  <ItemGroup>
    <ClInclude Include="bgzf\bgzf.h">
      <Filter>bgzf</Filter>
    </ClInclude>
    <ClInclude Include="zlib-ng\zconf.h">
      <Filter>zlib-ng</Filter>
    </ClInclude>
    <ClInclude Include="utilities\get_library_id.h">
      <Filter>utilities</Filter>
    </ClInclude>
  </ItemGroup>
</Project>