<?xml version="1.0" encoding="utf-8"?>
<Project ToolsVersion="4.0" xmlns="http://schemas.microsoft.com/developer/msbuild/2003">
  <ItemGroup>
    <Filter Include="Source Files">
      <UniqueIdentifier>{4FC737F1-C7A5-4376-A066-2A32D752A2FF}</UniqueIdentifier>
      <Extensions>cpp;c;cc;cxx;def;odl;idl;hpj;bat;asm;asmx</Extensions>
    </Filter>
    <Filter Include="Header Files">
      <UniqueIdentifier>{93995380-89BD-4b04-88EB-625FBE52EBFB}</UniqueIdentifier>
      <Extensions>h;hh;hpp;hxx;hm;inl;inc;xsd</Extensions>
    </Filter>
    <Filter Include="Resource Files">
      <UniqueIdentifier>{67DA6AB6-F800-4c08-8B7A-83BB121AAD01}</UniqueIdentifier>
      <Extensions>rc;ico;cur;bmp;dlg;rc2;rct;bin;rgs;gif;jpg;jpeg;jpe;resx;tiff;tif;png;wav;mfcribbon-ms</Extensions>
    </Filter>
  </ItemGroup>
  <ItemGroup>
    <ClCompile Include="RunBenchmark.cpp">
      <Filter>Source Files</Filter>
    </ClCompile>
    <ClCompile Include="ZlibNextGen.cpp">
      <Filter>Source Files</Filter>
    </ClCompile>
    <ClCompile Include="CompressionData.cpp">
      <Filter>Source Files</Filter>
    </ClCompile>
    <ClCompile Include="Runner.cpp">
      <Filter>Source Files</Filter>
    </ClCompile>
    <ClCompile Include="Benchmark.cpp">
      <Filter>Source Files</Filter>
    </ClCompile>
    <ClCompile Include="MemoryUtilities.cpp">
      <Filter>Source Files</Filter>
    </ClCompile>
    <ClCompile Include="BenchmarkStatistics.cpp">
      <Filter>Source Files</Filter>
    </ClCompile>
    <ClCompile Include="Snappy.cpp">
      <Filter>Source Files</Filter>
    </ClCompile>
    <ClCompile Include="Zstandard.cpp">
      <Filter>Source Files</Filter>
    </ClCompile>
    <ClCompile Include="QuickLzLevel3.cpp">
      <Filter>Source Files</Filter>
    </ClCompile>
    <ClCompile Include="LZ4Default.cpp">
      <Filter>Source Files</Filter>
    </ClCompile>
  </ItemGroup>
  <ItemGroup>
    <ClInclude Include="CompressionAlgorithm.h">
      <Filter>Header Files</Filter>
    </ClInclude>
    <ClInclude Include="ZlibNextGen.h">
      <Filter>Header Files</Filter>
    </ClInclude>
    <ClInclude Include="CompressionData.h">
      <Filter>Header Files</Filter>
    </ClInclude>
    <ClInclude Include="Runner.h">
      <Filter>Header Files</Filter>
    </ClInclude>
    <ClInclude Include="Benchmark.h">
      <Filter>Header Files</Filter>
    </ClInclude>
    <ClInclude Include="MemoryUtilities.h">
      <Filter>Header Files</Filter>
    </ClInclude>
    <ClInclude Include="TimingResult.h">
      <Filter>Header Files</Filter>
    </ClInclude>
    <ClInclude Include="BenchmarkStatistics.h">
      <Filter>Header Files</Filter>
    </ClInclude>
    <ClInclude Include="MeanStdDev.h">
      <Filter>Header Files</Filter>
    </ClInclude>
    <ClInclude Include="BenchmarkResult.h">
      <Filter>Header Files</Filter>
    </ClInclude>
    <ClInclude Include="Snappy.h">
      <Filter>Header Files</Filter>
    </ClInclude>
    <ClInclude Include="Zstandard.h">
      <Filter>Header Files</Filter>
    </ClInclude>
    <ClInclude Include="QuickLzLevel3.h">
      <Filter>Header Files</Filter>
    </ClInclude>
    <ClInclude Include="LZ4Default.h">
      <Filter>Header Files</Filter>
    </ClInclude>
  </ItemGroup>
</Project>